// !$*UTF8*$!
{
	archiveVersion = 1;
	classes = {
	};
	objectVersion = 52;
	objects = {

/* Begin PBXBuildFile section */
		040DA4A6238B1D6700356081 /* MooseAnalytics in Frameworks */ = {isa = PBXBuildFile; productRef = 040DA4A5238B1D6700356081 /* MooseAnalytics */; };
		040DA4A9238B1DB700356081 /* MimeoAnalytics.swift in Sources */ = {isa = PBXBuildFile; fileRef = 040DA4A8238B1DB700356081 /* MimeoAnalytics.swift */; };
		040DA4AB238B20FE00356081 /* ApplicationInstallationStore.swift in Sources */ = {isa = PBXBuildFile; fileRef = 040DA4AA238B20FE00356081 /* ApplicationInstallationStore.swift */; };
		04111E3E235AA9B000F73084 /* MimeoKit in Frameworks */ = {isa = PBXBuildFile; productRef = 04111E3D235AA9B000F73084 /* MimeoKit */; };
		04193BD6235AACD900AD04F5 /* KeyValueStore.swift in Sources */ = {isa = PBXBuildFile; fileRef = 04193BD2235AACD900AD04F5 /* KeyValueStore.swift */; };
		04193BD7235AACD900AD04F5 /* Mimeo.xcdatamodeld in Sources */ = {isa = PBXBuildFile; fileRef = 04193BD3235AACD900AD04F5 /* Mimeo.xcdatamodeld */; };
		04193BD8235AACD900AD04F5 /* PreferencesStore.swift in Sources */ = {isa = PBXBuildFile; fileRef = 04193BD5235AACD900AD04F5 /* PreferencesStore.swift */; };
		04193BDF235AAD3D00AD04F5 /* ResultsLayout.swift in Sources */ = {isa = PBXBuildFile; fileRef = 04193BDB235AAD3D00AD04F5 /* ResultsLayout.swift */; };
		04193BE0235AAD3D00AD04F5 /* ResultsTableView.swift in Sources */ = {isa = PBXBuildFile; fileRef = 04193BDC235AAD3D00AD04F5 /* ResultsTableView.swift */; };
		04193BE1235AAD3D00AD04F5 /* ResultsViewController.swift in Sources */ = {isa = PBXBuildFile; fileRef = 04193BDD235AAD3D00AD04F5 /* ResultsViewController.swift */; };
		04193BE5235AAD8700AD04F5 /* UIDevice.swift in Sources */ = {isa = PBXBuildFile; fileRef = 04193BE3235AAD8700AD04F5 /* UIDevice.swift */; };
		04193BE6235AAD8700AD04F5 /* CGRect.swift in Sources */ = {isa = PBXBuildFile; fileRef = 04193BE4235AAD8700AD04F5 /* CGRect.swift */; };
		04193BEE235AB00E00AD04F5 /* IntentHandler.swift in Sources */ = {isa = PBXBuildFile; fileRef = 04193BED235AB00E00AD04F5 /* IntentHandler.swift */; };
		04193BF2235AB00E00AD04F5 /* MimeoIntents.appex in Embed App Extensions */ = {isa = PBXBuildFile; fileRef = 04193BEB235AB00E00AD04F5 /* MimeoIntents.appex */; settings = {ATTRIBUTES = (RemoveHeadersOnCopy, ); }; };
		04193BFE235AB7A300AD04F5 /* RecognizeTextIntentHandler.swift in Sources */ = {isa = PBXBuildFile; fileRef = 04193BFD235AB7A300AD04F5 /* RecognizeTextIntentHandler.swift */; };
		04193C00235AC37300AD04F5 /* MimeoKit in Frameworks */ = {isa = PBXBuildFile; productRef = 04193BFF235AC37300AD04F5 /* MimeoKit */; };
		04193C01235B78A200AD04F5 /* Intents.intentdefinition in Sources */ = {isa = PBXBuildFile; fileRef = 04193BF7235AB07100AD04F5 /* Intents.intentdefinition */; settings = {ATTRIBUTES = (no_codegen, ); }; };
		04193C02235B78B500AD04F5 /* Intents.intentdefinition in Sources */ = {isa = PBXBuildFile; fileRef = 04193BF7235AB07100AD04F5 /* Intents.intentdefinition */; };
		04193C2E235BD15A00AD04F5 /* SettingsViewController.swift in Sources */ = {isa = PBXBuildFile; fileRef = 04193C2D235BD15A00AD04F5 /* SettingsViewController.swift */; };
		04193C30235BD57D00AD04F5 /* BooleanSettingCell.swift in Sources */ = {isa = PBXBuildFile; fileRef = 04193C2F235BD57D00AD04F5 /* BooleanSettingCell.swift */; };
		04193C32235BD8DE00AD04F5 /* QuickRecognitionSetting.swift in Sources */ = {isa = PBXBuildFile; fileRef = 04193C31235BD8DE00AD04F5 /* QuickRecognitionSetting.swift */; };
		041C542A23767F6100A6BFB8 /* UIColor.swift in Sources */ = {isa = PBXBuildFile; fileRef = 041C542923767F6100A6BFB8 /* UIColor.swift */; };
		041C542C2376886100A6BFB8 /* NavigationSettingCell.swift in Sources */ = {isa = PBXBuildFile; fileRef = 041C542B2376886100A6BFB8 /* NavigationSettingCell.swift */; };
		041C542E23768A9200A6BFB8 /* RateAppCell.swift in Sources */ = {isa = PBXBuildFile; fileRef = 041C542D23768A9200A6BFB8 /* RateAppCell.swift */; };
		041C543023768AE000A6BFB8 /* Bundle.swift in Sources */ = {isa = PBXBuildFile; fileRef = 041C542F23768AE000A6BFB8 /* Bundle.swift */; };
		041C543223768B7600A6BFB8 /* SendFeedbackCell.swift in Sources */ = {isa = PBXBuildFile; fileRef = 041C543123768B7600A6BFB8 /* SendFeedbackCell.swift */; };
		041C54342377347400A6BFB8 /* RecognitionLanguageNavigationCell.swift in Sources */ = {isa = PBXBuildFile; fileRef = 041C54332377347400A6BFB8 /* RecognitionLanguageNavigationCell.swift */; };
		041C54372377370300A6BFB8 /* RecognitionLanguage.swift in Sources */ = {isa = PBXBuildFile; fileRef = 041C54362377370300A6BFB8 /* RecognitionLanguage.swift */; };
		042AB4EB236FAB29003EE5FF /* ViewDissolver.swift in Sources */ = {isa = PBXBuildFile; fileRef = 042AB4EA236FAB29003EE5FF /* ViewDissolver.swift */; };
		042AB4EE236FAB73003EE5FF /* ViewDissolverShaders.h in Sources */ = {isa = PBXBuildFile; fileRef = 042AB4ED236FAB73003EE5FF /* ViewDissolverShaders.h */; };
		042AB4F0236FABBB003EE5FF /* ViewDissolverShaders.metal in Sources */ = {isa = PBXBuildFile; fileRef = 042AB4EF236FABBB003EE5FF /* ViewDissolverShaders.metal */; };
		04422E1A2378FD9400014263 /* FetchedResultController.swift in Sources */ = {isa = PBXBuildFile; fileRef = 04422E192378FD9400014263 /* FetchedResultController.swift */; };
		044C59932380D66A00621C56 /* NewYorkSmall-Regular.otf in Resources */ = {isa = PBXBuildFile; fileRef = 044C59922380D66A00621C56 /* NewYorkSmall-Regular.otf */; };
		045296FA238B23AE009A87AC /* Secrets.swift in Sources */ = {isa = PBXBuildFile; fileRef = 045296F9238B23AE009A87AC /* Secrets.swift */; };
		04529702238B5AA7009A87AC /* PrivacyPolicyViewController.swift in Sources */ = {isa = PBXBuildFile; fileRef = 04529701238B5AA7009A87AC /* PrivacyPolicyViewController.swift */; };
		04529704238B5C08009A87AC /* PrivacyPolicyNavigationCell.swift in Sources */ = {isa = PBXBuildFile; fileRef = 04529703238B5C08009A87AC /* PrivacyPolicyNavigationCell.swift */; };
		045428F1237BBBF10074F576 /* AutocropPreference.swift in Sources */ = {isa = PBXBuildFile; fileRef = 045428F0237BBBF10074F576 /* AutocropPreference.swift */; };
		045428F3237BC2AC0074F576 /* UIButton.swift in Sources */ = {isa = PBXBuildFile; fileRef = 045428F2237BC2AC0074F576 /* UIButton.swift */; };
		0455A0802377F06F009FFAEA /* CloudKit.framework in Frameworks */ = {isa = PBXBuildFile; fileRef = 0455A07F2377F06F009FFAEA /* CloudKit.framework */; };
		045645D723663E5A00FB8F89 /* FontClassifierV1.mlmodel in Sources */ = {isa = PBXBuildFile; fileRef = 045645D623663E5900FB8F89 /* FontClassifierV1.mlmodel */; };
		0466B97F238991EF00215B80 /* DataDetectionNavigationCell.swift in Sources */ = {isa = PBXBuildFile; fileRef = 0466B97E238991EF00215B80 /* DataDetectionNavigationCell.swift */; };
		0466B9822389936F00215B80 /* DataDetectionSettingViewController.swift in Sources */ = {isa = PBXBuildFile; fileRef = 0466B9812389936F00215B80 /* DataDetectionSettingViewController.swift */; };
		0466B9842389967900215B80 /* DataDetectionSetting.swift in Sources */ = {isa = PBXBuildFile; fileRef = 0466B9832389967900215B80 /* DataDetectionSetting.swift */; };
		0466B9862389A02600215B80 /* DataDetectionTypeCell.swift in Sources */ = {isa = PBXBuildFile; fileRef = 0466B9852389A02600215B80 /* DataDetectionTypeCell.swift */; };
		0467705A237760AD00192D2E /* AboutNavigationCell.swift in Sources */ = {isa = PBXBuildFile; fileRef = 04677059237760AD00192D2E /* AboutNavigationCell.swift */; };
		0467705E237760FD00192D2E /* AboutViewController.swift in Sources */ = {isa = PBXBuildFile; fileRef = 0467705D237760FD00192D2E /* AboutViewController.swift */; };
		046770602377614C00192D2E /* ApplicationVersionCell.swift in Sources */ = {isa = PBXBuildFile; fileRef = 0467705F2377614C00192D2E /* ApplicationVersionCell.swift */; };
		046770622377615900192D2E /* ApplicationBuildNumberCell.swift in Sources */ = {isa = PBXBuildFile; fileRef = 046770612377615900192D2E /* ApplicationBuildNumberCell.swift */; };
		04789F1F2341138D006656E4 /* AppDelegate.swift in Sources */ = {isa = PBXBuildFile; fileRef = 04789F1E2341138D006656E4 /* AppDelegate.swift */; };
		04789F212341138E006656E4 /* SceneDelegate.swift in Sources */ = {isa = PBXBuildFile; fileRef = 04789F202341138E006656E4 /* SceneDelegate.swift */; };
		04789F2823411393006656E4 /* Assets.xcassets in Resources */ = {isa = PBXBuildFile; fileRef = 04789F2723411393006656E4 /* Assets.xcassets */; };
		04789F2E23411393006656E4 /* LaunchScreen.storyboard in Resources */ = {isa = PBXBuildFile; fileRef = 04789F2C23411393006656E4 /* LaunchScreen.storyboard */; };
		04789F3923411393006656E4 /* MimeoTests.swift in Sources */ = {isa = PBXBuildFile; fileRef = 04789F3823411393006656E4 /* MimeoTests.swift */; };
		04789F4423411393006656E4 /* MimeoUITests.swift in Sources */ = {isa = PBXBuildFile; fileRef = 04789F4323411393006656E4 /* MimeoUITests.swift */; };
		048183012349674200379B52 /* MimeoViewController.swift in Sources */ = {isa = PBXBuildFile; fileRef = 048183002349674200379B52 /* MimeoViewController.swift */; };
		04818306234987CB00379B52 /* CameraShutterButton.swift in Sources */ = {isa = PBXBuildFile; fileRef = 04818305234987CB00379B52 /* CameraShutterButton.swift */; };
		04855D7E2354245B00ACB0A2 /* InsetLabel.swift in Sources */ = {isa = PBXBuildFile; fileRef = 04855D7D2354245B00ACB0A2 /* InsetLabel.swift */; };
		048DD365239637EC0041DBE9 /* StoreKit.framework in Frameworks */ = {isa = PBXBuildFile; fileRef = 048DD364239637EC0041DBE9 /* StoreKit.framework */; };
		049842FC2341199C0002AB6D /* CameraViewController.swift in Sources */ = {isa = PBXBuildFile; fileRef = 049842FB2341199C0002AB6D /* CameraViewController.swift */; };
		04AD6D652387C9830075ACCB /* Store.swift in Sources */ = {isa = PBXBuildFile; fileRef = 04AD6D642387C9830075ACCB /* Store.swift */; };
		04B8598623883BD20058D2F3 /* PersistentHistoryTokenStore.swift in Sources */ = {isa = PBXBuildFile; fileRef = 04B8598523883BD20058D2F3 /* PersistentHistoryTokenStore.swift */; };
		04E3B34223773D3B00F7E991 /* RecognitionLanguageViewController.swift in Sources */ = {isa = PBXBuildFile; fileRef = 04E3B34123773D3B00F7E991 /* RecognitionLanguageViewController.swift */; };
		04E3B34523773DDB00F7E991 /* StaticTableViewController.swift in Sources */ = {isa = PBXBuildFile; fileRef = 04E3B34423773DDB00F7E991 /* StaticTableViewController.swift */; };
		04E3B3472377407600F7E991 /* RecognitionLanguageCell.swift in Sources */ = {isa = PBXBuildFile; fileRef = 04E3B3462377407600F7E991 /* RecognitionLanguageCell.swift */; };
/* End PBXBuildFile section */

/* Begin PBXContainerItemProxy section */
		04193BF0235AB00E00AD04F5 /* PBXContainerItemProxy */ = {
			isa = PBXContainerItemProxy;
			containerPortal = 04789F132341138D006656E4 /* Project object */;
			proxyType = 1;
			remoteGlobalIDString = 04193BEA235AB00E00AD04F5;
			remoteInfo = MimeoIntents;
		};
		04789F3523411393006656E4 /* PBXContainerItemProxy */ = {
			isa = PBXContainerItemProxy;
			containerPortal = 04789F132341138D006656E4 /* Project object */;
			proxyType = 1;
			remoteGlobalIDString = 04789F1A2341138D006656E4;
			remoteInfo = Mimeo;
		};
		04789F4023411393006656E4 /* PBXContainerItemProxy */ = {
			isa = PBXContainerItemProxy;
			containerPortal = 04789F132341138D006656E4 /* Project object */;
			proxyType = 1;
			remoteGlobalIDString = 04789F1A2341138D006656E4;
			remoteInfo = Mimeo;
		};
/* End PBXContainerItemProxy section */

/* Begin PBXCopyFilesBuildPhase section */
		04193BF6235AB00E00AD04F5 /* Embed App Extensions */ = {
			isa = PBXCopyFilesBuildPhase;
			buildActionMask = 2147483647;
			dstPath = "";
			dstSubfolderSpec = 13;
			files = (
				04193BF2235AB00E00AD04F5 /* MimeoIntents.appex in Embed App Extensions */,
			);
			name = "Embed App Extensions";
			runOnlyForDeploymentPostprocessing = 0;
		};
/* End PBXCopyFilesBuildPhase section */

/* Begin PBXFileReference section */
		040DA4A8238B1DB700356081 /* MimeoAnalytics.swift */ = {isa = PBXFileReference; lastKnownFileType = sourcecode.swift; path = MimeoAnalytics.swift; sourceTree = "<group>"; };
		040DA4AA238B20FE00356081 /* ApplicationInstallationStore.swift */ = {isa = PBXFileReference; lastKnownFileType = sourcecode.swift; path = ApplicationInstallationStore.swift; sourceTree = "<group>"; };
		04193BD2235AACD900AD04F5 /* KeyValueStore.swift */ = {isa = PBXFileReference; fileEncoding = 4; lastKnownFileType = sourcecode.swift; path = KeyValueStore.swift; sourceTree = "<group>"; };
		04193BD4235AACD900AD04F5 /* Mimeo.xcdatamodel */ = {isa = PBXFileReference; lastKnownFileType = wrapper.xcdatamodel; path = Mimeo.xcdatamodel; sourceTree = "<group>"; };
		04193BD5235AACD900AD04F5 /* PreferencesStore.swift */ = {isa = PBXFileReference; fileEncoding = 4; lastKnownFileType = sourcecode.swift; path = PreferencesStore.swift; sourceTree = "<group>"; };
		04193BDB235AAD3D00AD04F5 /* ResultsLayout.swift */ = {isa = PBXFileReference; fileEncoding = 4; lastKnownFileType = sourcecode.swift; path = ResultsLayout.swift; sourceTree = "<group>"; };
		04193BDC235AAD3D00AD04F5 /* ResultsTableView.swift */ = {isa = PBXFileReference; fileEncoding = 4; lastKnownFileType = sourcecode.swift; path = ResultsTableView.swift; sourceTree = "<group>"; };
		04193BDD235AAD3D00AD04F5 /* ResultsViewController.swift */ = {isa = PBXFileReference; fileEncoding = 4; lastKnownFileType = sourcecode.swift; path = ResultsViewController.swift; sourceTree = "<group>"; };
		04193BE3235AAD8700AD04F5 /* UIDevice.swift */ = {isa = PBXFileReference; fileEncoding = 4; lastKnownFileType = sourcecode.swift; path = UIDevice.swift; sourceTree = "<group>"; };
		04193BE4235AAD8700AD04F5 /* CGRect.swift */ = {isa = PBXFileReference; fileEncoding = 4; lastKnownFileType = sourcecode.swift; path = CGRect.swift; sourceTree = "<group>"; };
		04193BEB235AB00E00AD04F5 /* MimeoIntents.appex */ = {isa = PBXFileReference; explicitFileType = "wrapper.app-extension"; includeInIndex = 0; path = MimeoIntents.appex; sourceTree = BUILT_PRODUCTS_DIR; };
		04193BED235AB00E00AD04F5 /* IntentHandler.swift */ = {isa = PBXFileReference; lastKnownFileType = sourcecode.swift; path = IntentHandler.swift; sourceTree = "<group>"; };
		04193BEF235AB00E00AD04F5 /* Info.plist */ = {isa = PBXFileReference; lastKnownFileType = text.plist.xml; path = Info.plist; sourceTree = "<group>"; };
		04193BF7235AB07100AD04F5 /* Intents.intentdefinition */ = {isa = PBXFileReference; lastKnownFileType = file.intentdefinition; path = Intents.intentdefinition; sourceTree = "<group>"; };
		04193BF9235AB61100AD04F5 /* Mimeo.entitlements */ = {isa = PBXFileReference; lastKnownFileType = text.plist.entitlements; path = Mimeo.entitlements; sourceTree = "<group>"; };
		04193BFD235AB7A300AD04F5 /* RecognizeTextIntentHandler.swift */ = {isa = PBXFileReference; lastKnownFileType = sourcecode.swift; path = RecognizeTextIntentHandler.swift; sourceTree = "<group>"; };
		04193C2D235BD15A00AD04F5 /* SettingsViewController.swift */ = {isa = PBXFileReference; lastKnownFileType = sourcecode.swift; path = SettingsViewController.swift; sourceTree = "<group>"; };
		04193C2F235BD57D00AD04F5 /* BooleanSettingCell.swift */ = {isa = PBXFileReference; lastKnownFileType = sourcecode.swift; path = BooleanSettingCell.swift; sourceTree = "<group>"; };
		04193C31235BD8DE00AD04F5 /* QuickRecognitionSetting.swift */ = {isa = PBXFileReference; lastKnownFileType = sourcecode.swift; path = QuickRecognitionSetting.swift; sourceTree = "<group>"; };
		041C542923767F6100A6BFB8 /* UIColor.swift */ = {isa = PBXFileReference; lastKnownFileType = sourcecode.swift; path = UIColor.swift; sourceTree = "<group>"; };
		041C542B2376886100A6BFB8 /* NavigationSettingCell.swift */ = {isa = PBXFileReference; lastKnownFileType = sourcecode.swift; path = NavigationSettingCell.swift; sourceTree = "<group>"; };
		041C542D23768A9200A6BFB8 /* RateAppCell.swift */ = {isa = PBXFileReference; lastKnownFileType = sourcecode.swift; path = RateAppCell.swift; sourceTree = "<group>"; };
		041C542F23768AE000A6BFB8 /* Bundle.swift */ = {isa = PBXFileReference; lastKnownFileType = sourcecode.swift; path = Bundle.swift; sourceTree = "<group>"; };
		041C543123768B7600A6BFB8 /* SendFeedbackCell.swift */ = {isa = PBXFileReference; lastKnownFileType = sourcecode.swift; path = SendFeedbackCell.swift; sourceTree = "<group>"; };
		041C54332377347400A6BFB8 /* RecognitionLanguageNavigationCell.swift */ = {isa = PBXFileReference; lastKnownFileType = sourcecode.swift; path = RecognitionLanguageNavigationCell.swift; sourceTree = "<group>"; };
		041C54362377370300A6BFB8 /* RecognitionLanguage.swift */ = {isa = PBXFileReference; lastKnownFileType = sourcecode.swift; path = RecognitionLanguage.swift; sourceTree = "<group>"; };
		042AB4EA236FAB29003EE5FF /* ViewDissolver.swift */ = {isa = PBXFileReference; lastKnownFileType = sourcecode.swift; path = ViewDissolver.swift; sourceTree = "<group>"; };
		042AB4EC236FAB72003EE5FF /* Mimeo-Bridging-Header.h */ = {isa = PBXFileReference; lastKnownFileType = sourcecode.c.h; path = "Mimeo-Bridging-Header.h"; sourceTree = "<group>"; };
		042AB4ED236FAB73003EE5FF /* ViewDissolverShaders.h */ = {isa = PBXFileReference; lastKnownFileType = sourcecode.c.h; path = ViewDissolverShaders.h; sourceTree = "<group>"; };
		042AB4EF236FABBB003EE5FF /* ViewDissolverShaders.metal */ = {isa = PBXFileReference; lastKnownFileType = sourcecode.metal; path = ViewDissolverShaders.metal; sourceTree = "<group>"; };
		04422E192378FD9400014263 /* FetchedResultController.swift */ = {isa = PBXFileReference; lastKnownFileType = sourcecode.swift; path = FetchedResultController.swift; sourceTree = "<group>"; };
		044C59922380D66A00621C56 /* NewYorkSmall-Regular.otf */ = {isa = PBXFileReference; lastKnownFileType = file; path = "NewYorkSmall-Regular.otf"; sourceTree = "<group>"; };
		045296F9238B23AE009A87AC /* Secrets.swift */ = {isa = PBXFileReference; lastKnownFileType = sourcecode.swift; path = Secrets.swift; sourceTree = "<group>"; };
		045296FB238B23BF009A87AC /* Secrets.template.swift */ = {isa = PBXFileReference; lastKnownFileType = sourcecode.swift; path = Secrets.template.swift; sourceTree = "<group>"; };
		04529701238B5AA7009A87AC /* PrivacyPolicyViewController.swift */ = {isa = PBXFileReference; lastKnownFileType = sourcecode.swift; path = PrivacyPolicyViewController.swift; sourceTree = "<group>"; };
		04529703238B5C08009A87AC /* PrivacyPolicyNavigationCell.swift */ = {isa = PBXFileReference; lastKnownFileType = sourcecode.swift; path = PrivacyPolicyNavigationCell.swift; sourceTree = "<group>"; };
		045428F0237BBBF10074F576 /* AutocropPreference.swift */ = {isa = PBXFileReference; lastKnownFileType = sourcecode.swift; path = AutocropPreference.swift; sourceTree = "<group>"; };
		045428F2237BC2AC0074F576 /* UIButton.swift */ = {isa = PBXFileReference; lastKnownFileType = sourcecode.swift; path = UIButton.swift; sourceTree = "<group>"; };
		0455A07F2377F06F009FFAEA /* CloudKit.framework */ = {isa = PBXFileReference; lastKnownFileType = wrapper.framework; name = CloudKit.framework; path = System/Library/Frameworks/CloudKit.framework; sourceTree = SDKROOT; };
		045645D623663E5900FB8F89 /* FontClassifierV1.mlmodel */ = {isa = PBXFileReference; lastKnownFileType = file.mlmodel; name = FontClassifierV1.mlmodel; path = FontClassifier.mlproj/Models/FontClassifierV1.mlmodel; sourceTree = SOURCE_ROOT; };
		0466B97E238991EF00215B80 /* DataDetectionNavigationCell.swift */ = {isa = PBXFileReference; lastKnownFileType = sourcecode.swift; path = DataDetectionNavigationCell.swift; sourceTree = "<group>"; };
		0466B9812389936F00215B80 /* DataDetectionSettingViewController.swift */ = {isa = PBXFileReference; lastKnownFileType = sourcecode.swift; path = DataDetectionSettingViewController.swift; sourceTree = "<group>"; };
		0466B9832389967900215B80 /* DataDetectionSetting.swift */ = {isa = PBXFileReference; lastKnownFileType = sourcecode.swift; path = DataDetectionSetting.swift; sourceTree = "<group>"; };
		0466B9852389A02600215B80 /* DataDetectionTypeCell.swift */ = {isa = PBXFileReference; lastKnownFileType = sourcecode.swift; path = DataDetectionTypeCell.swift; sourceTree = "<group>"; };
		04677059237760AD00192D2E /* AboutNavigationCell.swift */ = {isa = PBXFileReference; lastKnownFileType = sourcecode.swift; path = AboutNavigationCell.swift; sourceTree = "<group>"; };
		0467705D237760FD00192D2E /* AboutViewController.swift */ = {isa = PBXFileReference; lastKnownFileType = sourcecode.swift; path = AboutViewController.swift; sourceTree = "<group>"; };
		0467705F2377614C00192D2E /* ApplicationVersionCell.swift */ = {isa = PBXFileReference; lastKnownFileType = sourcecode.swift; path = ApplicationVersionCell.swift; sourceTree = "<group>"; };
		046770612377615900192D2E /* ApplicationBuildNumberCell.swift */ = {isa = PBXFileReference; lastKnownFileType = sourcecode.swift; path = ApplicationBuildNumberCell.swift; sourceTree = "<group>"; };
		04789F1B2341138D006656E4 /* Mimeo.app */ = {isa = PBXFileReference; explicitFileType = wrapper.application; includeInIndex = 0; path = Mimeo.app; sourceTree = BUILT_PRODUCTS_DIR; };
		04789F1E2341138D006656E4 /* AppDelegate.swift */ = {isa = PBXFileReference; lastKnownFileType = sourcecode.swift; path = AppDelegate.swift; sourceTree = "<group>"; };
		04789F202341138E006656E4 /* SceneDelegate.swift */ = {isa = PBXFileReference; lastKnownFileType = sourcecode.swift; path = SceneDelegate.swift; sourceTree = "<group>"; };
		04789F2723411393006656E4 /* Assets.xcassets */ = {isa = PBXFileReference; lastKnownFileType = folder.assetcatalog; path = Assets.xcassets; sourceTree = "<group>"; };
		04789F2D23411393006656E4 /* Base */ = {isa = PBXFileReference; lastKnownFileType = file.storyboard; name = Base; path = Base.lproj/LaunchScreen.storyboard; sourceTree = "<group>"; };
		04789F2F23411393006656E4 /* Info.plist */ = {isa = PBXFileReference; lastKnownFileType = text.plist.xml; path = Info.plist; sourceTree = "<group>"; };
		04789F3423411393006656E4 /* MimeoTests.xctest */ = {isa = PBXFileReference; explicitFileType = wrapper.cfbundle; includeInIndex = 0; path = MimeoTests.xctest; sourceTree = BUILT_PRODUCTS_DIR; };
		04789F3823411393006656E4 /* MimeoTests.swift */ = {isa = PBXFileReference; lastKnownFileType = sourcecode.swift; path = MimeoTests.swift; sourceTree = "<group>"; };
		04789F3A23411393006656E4 /* Info.plist */ = {isa = PBXFileReference; lastKnownFileType = text.plist.xml; path = Info.plist; sourceTree = "<group>"; };
		04789F3F23411393006656E4 /* MimeoUITests.xctest */ = {isa = PBXFileReference; explicitFileType = wrapper.cfbundle; includeInIndex = 0; path = MimeoUITests.xctest; sourceTree = BUILT_PRODUCTS_DIR; };
		04789F4323411393006656E4 /* MimeoUITests.swift */ = {isa = PBXFileReference; lastKnownFileType = sourcecode.swift; path = MimeoUITests.swift; sourceTree = "<group>"; };
		04789F4523411393006656E4 /* Info.plist */ = {isa = PBXFileReference; lastKnownFileType = text.plist.xml; path = Info.plist; sourceTree = "<group>"; };
		048183002349674200379B52 /* MimeoViewController.swift */ = {isa = PBXFileReference; lastKnownFileType = sourcecode.swift; path = MimeoViewController.swift; sourceTree = "<group>"; };
		04818305234987CB00379B52 /* CameraShutterButton.swift */ = {isa = PBXFileReference; lastKnownFileType = sourcecode.swift; path = CameraShutterButton.swift; sourceTree = "<group>"; };
		04855D7D2354245B00ACB0A2 /* InsetLabel.swift */ = {isa = PBXFileReference; lastKnownFileType = sourcecode.swift; path = InsetLabel.swift; sourceTree = "<group>"; };
		048DD364239637EC0041DBE9 /* StoreKit.framework */ = {isa = PBXFileReference; lastKnownFileType = wrapper.framework; name = StoreKit.framework; path = System/Library/Frameworks/StoreKit.framework; sourceTree = SDKROOT; };
		049842FB2341199C0002AB6D /* CameraViewController.swift */ = {isa = PBXFileReference; lastKnownFileType = sourcecode.swift; path = CameraViewController.swift; sourceTree = "<group>"; };
		04AD6D642387C9830075ACCB /* Store.swift */ = {isa = PBXFileReference; lastKnownFileType = sourcecode.swift; path = Store.swift; sourceTree = "<group>"; };
		04B8598523883BD20058D2F3 /* PersistentHistoryTokenStore.swift */ = {isa = PBXFileReference; lastKnownFileType = sourcecode.swift; path = PersistentHistoryTokenStore.swift; sourceTree = "<group>"; };
		04E3B34123773D3B00F7E991 /* RecognitionLanguageViewController.swift */ = {isa = PBXFileReference; lastKnownFileType = sourcecode.swift; path = RecognitionLanguageViewController.swift; sourceTree = "<group>"; };
		04E3B34423773DDB00F7E991 /* StaticTableViewController.swift */ = {isa = PBXFileReference; lastKnownFileType = sourcecode.swift; path = StaticTableViewController.swift; sourceTree = "<group>"; };
		04E3B3462377407600F7E991 /* RecognitionLanguageCell.swift */ = {isa = PBXFileReference; lastKnownFileType = sourcecode.swift; path = RecognitionLanguageCell.swift; sourceTree = "<group>"; };
/* End PBXFileReference section */

/* Begin PBXFrameworksBuildPhase section */
		04193BE8235AB00E00AD04F5 /* Frameworks */ = {
			isa = PBXFrameworksBuildPhase;
			buildActionMask = 2147483647;
			files = (
				04193C00235AC37300AD04F5 /* MimeoKit in Frameworks */,
			);
			runOnlyForDeploymentPostprocessing = 0;
		};
		04789F182341138D006656E4 /* Frameworks */ = {
			isa = PBXFrameworksBuildPhase;
			buildActionMask = 2147483647;
			files = (
				04111E3E235AA9B000F73084 /* MimeoKit in Frameworks */,
				040DA4A6238B1D6700356081 /* MooseAnalytics in Frameworks */,
				0455A0802377F06F009FFAEA /* CloudKit.framework in Frameworks */,
				048DD365239637EC0041DBE9 /* StoreKit.framework in Frameworks */,
			);
			runOnlyForDeploymentPostprocessing = 0;
		};
		04789F3123411393006656E4 /* Frameworks */ = {
			isa = PBXFrameworksBuildPhase;
			buildActionMask = 2147483647;
			files = (
			);
			runOnlyForDeploymentPostprocessing = 0;
		};
		04789F3C23411393006656E4 /* Frameworks */ = {
			isa = PBXFrameworksBuildPhase;
			buildActionMask = 2147483647;
			files = (
			);
			runOnlyForDeploymentPostprocessing = 0;
		};
/* End PBXFrameworksBuildPhase section */

/* Begin PBXGroup section */
		040DA4A7238B1DA200356081 /* Analytics */ = {
			isa = PBXGroup;
			children = (
				040DA4A8238B1DB700356081 /* MimeoAnalytics.swift */,
				045296FB238B23BF009A87AC /* Secrets.template.swift */,
				045296F9238B23AE009A87AC /* Secrets.swift */,
			);
			path = Analytics;
			sourceTree = "<group>";
		};
		04111E3C235AA9B000F73084 /* Frameworks */ = {
			isa = PBXGroup;
			children = (
				048DD364239637EC0041DBE9 /* StoreKit.framework */,
				0455A07F2377F06F009FFAEA /* CloudKit.framework */,
			);
			name = Frameworks;
			sourceTree = "<group>";
		};
		04193BD9235AAD3200AD04F5 /* Results */ = {
			isa = PBXGroup;
			children = (
				04193BDC235AAD3D00AD04F5 /* ResultsTableView.swift */,
				04193BDB235AAD3D00AD04F5 /* ResultsLayout.swift */,
				04193BDD235AAD3D00AD04F5 /* ResultsViewController.swift */,
				042AB4E9236FAAFA003EE5FF /* View Dissolver */,
			);
			path = Results;
			sourceTree = "<group>";
		};
		04193BE2235AAD7100AD04F5 /* Extensions */ = {
			isa = PBXGroup;
			children = (
				041C542F23768AE000A6BFB8 /* Bundle.swift */,
				04193BE4235AAD8700AD04F5 /* CGRect.swift */,
				045428F2237BC2AC0074F576 /* UIButton.swift */,
				041C542923767F6100A6BFB8 /* UIColor.swift */,
				04193BE3235AAD8700AD04F5 /* UIDevice.swift */,
			);
			path = Extensions;
			sourceTree = "<group>";
		};
		04193BEC235AB00E00AD04F5 /* MimeoIntents */ = {
			isa = PBXGroup;
			children = (
				04193BEF235AB00E00AD04F5 /* Info.plist */,
				04193BF7235AB07100AD04F5 /* Intents.intentdefinition */,
				04193BED235AB00E00AD04F5 /* IntentHandler.swift */,
				04193BFD235AB7A300AD04F5 /* RecognizeTextIntentHandler.swift */,
			);
			path = MimeoIntents;
			sourceTree = "<group>";
		};
		04193C2C235BD14100AD04F5 /* Settings */ = {
			isa = PBXGroup;
			children = (
				04677059237760AD00192D2E /* AboutNavigationCell.swift */,
				04193C2F235BD57D00AD04F5 /* BooleanSettingCell.swift */,
				0466B97E238991EF00215B80 /* DataDetectionNavigationCell.swift */,
				041C54332377347400A6BFB8 /* RecognitionLanguageNavigationCell.swift */,
				041C542B2376886100A6BFB8 /* NavigationSettingCell.swift */,
				04529703238B5C08009A87AC /* PrivacyPolicyNavigationCell.swift */,
				04193C31235BD8DE00AD04F5 /* QuickRecognitionSetting.swift */,
				041C542D23768A9200A6BFB8 /* RateAppCell.swift */,
				041C543123768B7600A6BFB8 /* SendFeedbackCell.swift */,
				04193C2D235BD15A00AD04F5 /* SettingsViewController.swift */,
				04E3B34423773DDB00F7E991 /* StaticTableViewController.swift */,
				0467705B237760E700192D2E /* About */,
				0466B9802389934900215B80 /* Data Detection */,
				045296FD238B5A6F009A87AC /* Privacy Policy */,
				041C5435237735B600A6BFB8 /* Recognition Language */,
			);
			path = Settings;
			sourceTree = "<group>";
		};
		041C5435237735B600A6BFB8 /* Recognition Language */ = {
			isa = PBXGroup;
			children = (
				041C54362377370300A6BFB8 /* RecognitionLanguage.swift */,
				04E3B3462377407600F7E991 /* RecognitionLanguageCell.swift */,
				04E3B34123773D3B00F7E991 /* RecognitionLanguageViewController.swift */,
			);
			path = "Recognition Language";
			sourceTree = "<group>";
		};
		042AB4E9236FAAFA003EE5FF /* View Dissolver */ = {
			isa = PBXGroup;
			children = (
				042AB4EA236FAB29003EE5FF /* ViewDissolver.swift */,
				042AB4ED236FAB73003EE5FF /* ViewDissolverShaders.h */,
				042AB4EF236FABBB003EE5FF /* ViewDissolverShaders.metal */,
			);
			path = "View Dissolver";
			sourceTree = "<group>";
		};
		044C59912380B83200621C56 /* Fonts */ = {
			isa = PBXGroup;
			children = (
				044C59922380D66A00621C56 /* NewYorkSmall-Regular.otf */,
			);
			path = Fonts;
			sourceTree = "<group>";
		};
		045296FD238B5A6F009A87AC /* Privacy Policy */ = {
			isa = PBXGroup;
			children = (
				04529701238B5AA7009A87AC /* PrivacyPolicyViewController.swift */,
			);
			path = "Privacy Policy";
			sourceTree = "<group>";
		};
		0466B9802389934900215B80 /* Data Detection */ = {
			isa = PBXGroup;
			children = (
				0466B9832389967900215B80 /* DataDetectionSetting.swift */,
				0466B9812389936F00215B80 /* DataDetectionSettingViewController.swift */,
				0466B9852389A02600215B80 /* DataDetectionTypeCell.swift */,
			);
			path = "Data Detection";
			sourceTree = "<group>";
		};
		0467705B237760E700192D2E /* About */ = {
			isa = PBXGroup;
			children = (
				0467705D237760FD00192D2E /* AboutViewController.swift */,
				0467705F2377614C00192D2E /* ApplicationVersionCell.swift */,
				046770612377615900192D2E /* ApplicationBuildNumberCell.swift */,
			);
			path = About;
			sourceTree = "<group>";
		};
		04789F122341138D006656E4 = {
			isa = PBXGroup;
			children = (
				04789F1D2341138D006656E4 /* Mimeo */,
				04789F3723411393006656E4 /* MimeoTests */,
				04789F4223411393006656E4 /* MimeoUITests */,
				04193BEC235AB00E00AD04F5 /* MimeoIntents */,
				04789F1C2341138D006656E4 /* Products */,
				04111E3C235AA9B000F73084 /* Frameworks */,
			);
			sourceTree = "<group>";
		};
		04789F1C2341138D006656E4 /* Products */ = {
			isa = PBXGroup;
			children = (
				04789F1B2341138D006656E4 /* Mimeo.app */,
				04789F3423411393006656E4 /* MimeoTests.xctest */,
				04789F3F23411393006656E4 /* MimeoUITests.xctest */,
				04193BEB235AB00E00AD04F5 /* MimeoIntents.appex */,
			);
			name = Products;
			sourceTree = "<group>";
		};
		04789F1D2341138D006656E4 /* Mimeo */ = {
			isa = PBXGroup;
			children = (
				04193BF9235AB61100AD04F5 /* Mimeo.entitlements */,
				04789F2F23411393006656E4 /* Info.plist */,
				042AB4EC236FAB72003EE5FF /* Mimeo-Bridging-Header.h */,
				04E92D8E234114CC00877507 /* Main */,
				049842FA2341195E0002AB6D /* Camera */,
				04193BD9235AAD3200AD04F5 /* Results */,
				04193C2C235BD14100AD04F5 /* Settings */,
				04E92D902341150C00877507 /* Store */,
				04855D7C2354244A00ACB0A2 /* Views */,
				04193BE2235AAD7100AD04F5 /* Extensions */,
				040DA4A7238B1DA200356081 /* Analytics */,
				04E92D8F234114D600877507 /* Assets */,
			);
			path = Mimeo;
			sourceTree = "<group>";
		};
		04789F3723411393006656E4 /* MimeoTests */ = {
			isa = PBXGroup;
			children = (
				04789F3A23411393006656E4 /* Info.plist */,
				04789F3823411393006656E4 /* MimeoTests.swift */,
			);
			path = MimeoTests;
			sourceTree = "<group>";
		};
		04789F4223411393006656E4 /* MimeoUITests */ = {
			isa = PBXGroup;
			children = (
				04789F4523411393006656E4 /* Info.plist */,
				04789F4323411393006656E4 /* MimeoUITests.swift */,
			);
			path = MimeoUITests;
			sourceTree = "<group>";
		};
		04855D7C2354244A00ACB0A2 /* Views */ = {
			isa = PBXGroup;
			children = (
				04855D7D2354245B00ACB0A2 /* InsetLabel.swift */,
			);
			path = Views;
			sourceTree = "<group>";
		};
		049842FA2341195E0002AB6D /* Camera */ = {
			isa = PBXGroup;
			children = (
				045428F0237BBBF10074F576 /* AutocropPreference.swift */,
				049842FB2341199C0002AB6D /* CameraViewController.swift */,
				04818305234987CB00379B52 /* CameraShutterButton.swift */,
			);
			path = Camera;
			sourceTree = "<group>";
		};
		04E92D8E234114CC00877507 /* Main */ = {
			isa = PBXGroup;
			children = (
				04789F1E2341138D006656E4 /* AppDelegate.swift */,
				04789F202341138E006656E4 /* SceneDelegate.swift */,
				04789F2C23411393006656E4 /* LaunchScreen.storyboard */,
				048183002349674200379B52 /* MimeoViewController.swift */,
			);
			path = Main;
			sourceTree = "<group>";
		};
		04E92D8F234114D600877507 /* Assets */ = {
			isa = PBXGroup;
			children = (
				044C59912380B83200621C56 /* Fonts */,
				04789F2723411393006656E4 /* Assets.xcassets */,
				045645D623663E5900FB8F89 /* FontClassifierV1.mlmodel */,
			);
			path = Assets;
			sourceTree = "<group>";
		};
		04E92D902341150C00877507 /* Store */ = {
			isa = PBXGroup;
			children = (
				040DA4AA238B20FE00356081 /* ApplicationInstallationStore.swift */,
				04193BD2235AACD900AD04F5 /* KeyValueStore.swift */,
				04422E192378FD9400014263 /* FetchedResultController.swift */,
				04193BD3235AACD900AD04F5 /* Mimeo.xcdatamodeld */,
				04B8598523883BD20058D2F3 /* PersistentHistoryTokenStore.swift */,
				04193BD5235AACD900AD04F5 /* PreferencesStore.swift */,
				04AD6D642387C9830075ACCB /* Store.swift */,
			);
			path = Store;
			sourceTree = "<group>";
		};
/* End PBXGroup section */

/* Begin PBXNativeTarget section */
		04193BEA235AB00E00AD04F5 /* MimeoIntents */ = {
			isa = PBXNativeTarget;
			buildConfigurationList = 04193BF3235AB00E00AD04F5 /* Build configuration list for PBXNativeTarget "MimeoIntents" */;
			buildPhases = (
				04193BE7235AB00E00AD04F5 /* Sources */,
				04193BE8235AB00E00AD04F5 /* Frameworks */,
				04193BE9235AB00E00AD04F5 /* Resources */,
			);
			buildRules = (
			);
			dependencies = (
			);
			name = MimeoIntents;
			packageProductDependencies = (
				04193BFF235AC37300AD04F5 /* MimeoKit */,
			);
			productName = MimeoIntents;
			productReference = 04193BEB235AB00E00AD04F5 /* MimeoIntents.appex */;
			productType = "com.apple.product-type.app-extension";
		};
		04789F1A2341138D006656E4 /* Mimeo */ = {
			isa = PBXNativeTarget;
			buildConfigurationList = 04789F4823411393006656E4 /* Build configuration list for PBXNativeTarget "Mimeo" */;
			buildPhases = (
				04789F172341138D006656E4 /* Sources */,
				04789F182341138D006656E4 /* Frameworks */,
				04789F192341138D006656E4 /* Resources */,
				04193BF6235AB00E00AD04F5 /* Embed App Extensions */,
			);
			buildRules = (
			);
			dependencies = (
				04193BF1235AB00E00AD04F5 /* PBXTargetDependency */,
			);
			name = Mimeo;
			packageProductDependencies = (
				04111E3D235AA9B000F73084 /* MimeoKit */,
				040DA4A5238B1D6700356081 /* MooseAnalytics */,
			);
			productName = Mimeo;
			productReference = 04789F1B2341138D006656E4 /* Mimeo.app */;
			productType = "com.apple.product-type.application";
		};
		04789F3323411393006656E4 /* MimeoTests */ = {
			isa = PBXNativeTarget;
			buildConfigurationList = 04789F4B23411393006656E4 /* Build configuration list for PBXNativeTarget "MimeoTests" */;
			buildPhases = (
				04789F3023411393006656E4 /* Sources */,
				04789F3123411393006656E4 /* Frameworks */,
				04789F3223411393006656E4 /* Resources */,
			);
			buildRules = (
			);
			dependencies = (
				04789F3623411393006656E4 /* PBXTargetDependency */,
			);
			name = MimeoTests;
			productName = MimeoTests;
			productReference = 04789F3423411393006656E4 /* MimeoTests.xctest */;
			productType = "com.apple.product-type.bundle.unit-test";
		};
		04789F3E23411393006656E4 /* MimeoUITests */ = {
			isa = PBXNativeTarget;
			buildConfigurationList = 04789F4E23411393006656E4 /* Build configuration list for PBXNativeTarget "MimeoUITests" */;
			buildPhases = (
				04789F3B23411393006656E4 /* Sources */,
				04789F3C23411393006656E4 /* Frameworks */,
				04789F3D23411393006656E4 /* Resources */,
			);
			buildRules = (
			);
			dependencies = (
				04789F4123411393006656E4 /* PBXTargetDependency */,
			);
			name = MimeoUITests;
			productName = MimeoUITests;
			productReference = 04789F3F23411393006656E4 /* MimeoUITests.xctest */;
			productType = "com.apple.product-type.bundle.ui-testing";
		};
/* End PBXNativeTarget section */

/* Begin PBXProject section */
		04789F132341138D006656E4 /* Project object */ = {
			isa = PBXProject;
			attributes = {
				LastSwiftUpdateCheck = 1110;
				LastUpgradeCheck = 1110;
				ORGANIZATIONNAME = "Jack Mousseau";
				TargetAttributes = {
					04193BEA235AB00E00AD04F5 = {
						CreatedOnToolsVersion = 11.1;
					};
					04789F1A2341138D006656E4 = {
						CreatedOnToolsVersion = 11.1;
						LastSwiftMigration = 1120;
					};
					04789F3323411393006656E4 = {
						CreatedOnToolsVersion = 11.1;
						TestTargetID = 04789F1A2341138D006656E4;
					};
					04789F3E23411393006656E4 = {
						CreatedOnToolsVersion = 11.1;
						TestTargetID = 04789F1A2341138D006656E4;
					};
				};
			};
			buildConfigurationList = 04789F162341138D006656E4 /* Build configuration list for PBXProject "Mimeo" */;
			compatibilityVersion = "Xcode 9.3";
			developmentRegion = en;
			hasScannedForEncodings = 0;
			knownRegions = (
				en,
				Base,
			);
			mainGroup = 04789F122341138D006656E4;
			packageReferences = (
			);
			productRefGroup = 04789F1C2341138D006656E4 /* Products */;
			projectDirPath = "";
			projectRoot = "";
			targets = (
				04789F1A2341138D006656E4 /* Mimeo */,
				04789F3323411393006656E4 /* MimeoTests */,
				04789F3E23411393006656E4 /* MimeoUITests */,
				04193BEA235AB00E00AD04F5 /* MimeoIntents */,
			);
		};
/* End PBXProject section */

/* Begin PBXResourcesBuildPhase section */
		04193BE9235AB00E00AD04F5 /* Resources */ = {
			isa = PBXResourcesBuildPhase;
			buildActionMask = 2147483647;
			files = (
			);
			runOnlyForDeploymentPostprocessing = 0;
		};
		04789F192341138D006656E4 /* Resources */ = {
			isa = PBXResourcesBuildPhase;
			buildActionMask = 2147483647;
			files = (
				044C59932380D66A00621C56 /* NewYorkSmall-Regular.otf in Resources */,
				04789F2E23411393006656E4 /* LaunchScreen.storyboard in Resources */,
				04789F2823411393006656E4 /* Assets.xcassets in Resources */,
			);
			runOnlyForDeploymentPostprocessing = 0;
		};
		04789F3223411393006656E4 /* Resources */ = {
			isa = PBXResourcesBuildPhase;
			buildActionMask = 2147483647;
			files = (
			);
			runOnlyForDeploymentPostprocessing = 0;
		};
		04789F3D23411393006656E4 /* Resources */ = {
			isa = PBXResourcesBuildPhase;
			buildActionMask = 2147483647;
			files = (
			);
			runOnlyForDeploymentPostprocessing = 0;
		};
/* End PBXResourcesBuildPhase section */

/* Begin PBXSourcesBuildPhase section */
		04193BE7235AB00E00AD04F5 /* Sources */ = {
			isa = PBXSourcesBuildPhase;
			buildActionMask = 2147483647;
			files = (
				04193C02235B78B500AD04F5 /* Intents.intentdefinition in Sources */,
				04193BFE235AB7A300AD04F5 /* RecognizeTextIntentHandler.swift in Sources */,
				04193BEE235AB00E00AD04F5 /* IntentHandler.swift in Sources */,
			);
			runOnlyForDeploymentPostprocessing = 0;
		};
		04789F172341138D006656E4 /* Sources */ = {
			isa = PBXSourcesBuildPhase;
			buildActionMask = 2147483647;
			files = (
				046770602377614C00192D2E /* ApplicationVersionCell.swift in Sources */,
				045296FA238B23AE009A87AC /* Secrets.swift in Sources */,
				04193BD6235AACD900AD04F5 /* KeyValueStore.swift in Sources */,
				041C543023768AE000A6BFB8 /* Bundle.swift in Sources */,
				04193BDF235AAD3D00AD04F5 /* ResultsLayout.swift in Sources */,
				04193BD7235AACD900AD04F5 /* Mimeo.xcdatamodeld in Sources */,
				04193BE0235AAD3D00AD04F5 /* ResultsTableView.swift in Sources */,
				041C54342377347400A6BFB8 /* RecognitionLanguageNavigationCell.swift in Sources */,
				0466B9862389A02600215B80 /* DataDetectionTypeCell.swift in Sources */,
				042AB4EB236FAB29003EE5FF /* ViewDissolver.swift in Sources */,
				046770622377615900192D2E /* ApplicationBuildNumberCell.swift in Sources */,
				0467705A237760AD00192D2E /* AboutNavigationCell.swift in Sources */,
				042AB4EE236FAB73003EE5FF /* ViewDissolverShaders.h in Sources */,
				0466B9842389967900215B80 /* DataDetectionSetting.swift in Sources */,
				04789F1F2341138D006656E4 /* AppDelegate.swift in Sources */,
				040DA4A9238B1DB700356081 /* MimeoAnalytics.swift in Sources */,
				041C542E23768A9200A6BFB8 /* RateAppCell.swift in Sources */,
				041C543223768B7600A6BFB8 /* SendFeedbackCell.swift in Sources */,
				04B8598623883BD20058D2F3 /* PersistentHistoryTokenStore.swift in Sources */,
				045428F3237BC2AC0074F576 /* UIButton.swift in Sources */,
				049842FC2341199C0002AB6D /* CameraViewController.swift in Sources */,
				04193C01235B78A200AD04F5 /* Intents.intentdefinition in Sources */,
				04855D7E2354245B00ACB0A2 /* InsetLabel.swift in Sources */,
				041C542A23767F6100A6BFB8 /* UIColor.swift in Sources */,
				04422E1A2378FD9400014263 /* FetchedResultController.swift in Sources */,
				04E3B34523773DDB00F7E991 /* StaticTableViewController.swift in Sources */,
				04193BE6235AAD8700AD04F5 /* CGRect.swift in Sources */,
				041C54372377370300A6BFB8 /* RecognitionLanguage.swift in Sources */,
				04193BD8235AACD900AD04F5 /* PreferencesStore.swift in Sources */,
				04529702238B5AA7009A87AC /* PrivacyPolicyViewController.swift in Sources */,
				04818306234987CB00379B52 /* CameraShutterButton.swift in Sources */,
				042AB4F0236FABBB003EE5FF /* ViewDissolverShaders.metal in Sources */,
				04193C2E235BD15A00AD04F5 /* SettingsViewController.swift in Sources */,
				04193C30235BD57D00AD04F5 /* BooleanSettingCell.swift in Sources */,
				04193BE1235AAD3D00AD04F5 /* ResultsViewController.swift in Sources */,
				04789F212341138E006656E4 /* SceneDelegate.swift in Sources */,
				04529704238B5C08009A87AC /* PrivacyPolicyNavigationCell.swift in Sources */,
				0466B97F238991EF00215B80 /* DataDetectionNavigationCell.swift in Sources */,
				045428F1237BBBF10074F576 /* AutocropPreference.swift in Sources */,
				0467705E237760FD00192D2E /* AboutViewController.swift in Sources */,
				04E3B34223773D3B00F7E991 /* RecognitionLanguageViewController.swift in Sources */,
				048183012349674200379B52 /* MimeoViewController.swift in Sources */,
				041C542C2376886100A6BFB8 /* NavigationSettingCell.swift in Sources */,
				040DA4AB238B20FE00356081 /* ApplicationInstallationStore.swift in Sources */,
				04AD6D652387C9830075ACCB /* Store.swift in Sources */,
				0466B9822389936F00215B80 /* DataDetectionSettingViewController.swift in Sources */,
				04193BE5235AAD8700AD04F5 /* UIDevice.swift in Sources */,
				04E3B3472377407600F7E991 /* RecognitionLanguageCell.swift in Sources */,
				04193C32235BD8DE00AD04F5 /* QuickRecognitionSetting.swift in Sources */,
				045645D723663E5A00FB8F89 /* FontClassifierV1.mlmodel in Sources */,
			);
			runOnlyForDeploymentPostprocessing = 0;
		};
		04789F3023411393006656E4 /* Sources */ = {
			isa = PBXSourcesBuildPhase;
			buildActionMask = 2147483647;
			files = (
				04789F3923411393006656E4 /* MimeoTests.swift in Sources */,
			);
			runOnlyForDeploymentPostprocessing = 0;
		};
		04789F3B23411393006656E4 /* Sources */ = {
			isa = PBXSourcesBuildPhase;
			buildActionMask = 2147483647;
			files = (
				04789F4423411393006656E4 /* MimeoUITests.swift in Sources */,
			);
			runOnlyForDeploymentPostprocessing = 0;
		};
/* End PBXSourcesBuildPhase section */

/* Begin PBXTargetDependency section */
		04193BF1235AB00E00AD04F5 /* PBXTargetDependency */ = {
			isa = PBXTargetDependency;
			target = 04193BEA235AB00E00AD04F5 /* MimeoIntents */;
			targetProxy = 04193BF0235AB00E00AD04F5 /* PBXContainerItemProxy */;
		};
		04789F3623411393006656E4 /* PBXTargetDependency */ = {
			isa = PBXTargetDependency;
			target = 04789F1A2341138D006656E4 /* Mimeo */;
			targetProxy = 04789F3523411393006656E4 /* PBXContainerItemProxy */;
		};
		04789F4123411393006656E4 /* PBXTargetDependency */ = {
			isa = PBXTargetDependency;
			target = 04789F1A2341138D006656E4 /* Mimeo */;
			targetProxy = 04789F4023411393006656E4 /* PBXContainerItemProxy */;
		};
/* End PBXTargetDependency section */

/* Begin PBXVariantGroup section */
		04789F2C23411393006656E4 /* LaunchScreen.storyboard */ = {
			isa = PBXVariantGroup;
			children = (
				04789F2D23411393006656E4 /* Base */,
			);
			name = LaunchScreen.storyboard;
			sourceTree = "<group>";
		};
/* End PBXVariantGroup section */

/* Begin XCBuildConfiguration section */
		04193BF4235AB00E00AD04F5 /* Debug */ = {
			isa = XCBuildConfiguration;
			buildSettings = {
				CODE_SIGN_STYLE = Automatic;
				CURRENT_PROJECT_VERSION = 2;
				DEVELOPMENT_TEAM = LVFKAL5KFM;
				INFOPLIST_FILE = MimeoIntents/Info.plist;
				LD_RUNPATH_SEARCH_PATHS = (
					"$(inherited)",
					"@executable_path/Frameworks",
					"@executable_path/../../Frameworks",
				);
				MARKETING_VERSION = 1.0;
				PRODUCT_BUNDLE_IDENTIFIER = com.jmousseau.Mimeo.MimeoIntents;
				PRODUCT_NAME = "$(TARGET_NAME)";
				SKIP_INSTALL = YES;
				SWIFT_VERSION = 5.0;
				TARGETED_DEVICE_FAMILY = 1;
			};
			name = Debug;
		};
		04193BF5235AB00E00AD04F5 /* Release */ = {
			isa = XCBuildConfiguration;
			buildSettings = {
				CODE_SIGN_STYLE = Automatic;
				CURRENT_PROJECT_VERSION = 2;
				DEVELOPMENT_TEAM = LVFKAL5KFM;
				INFOPLIST_FILE = MimeoIntents/Info.plist;
				LD_RUNPATH_SEARCH_PATHS = (
					"$(inherited)",
					"@executable_path/Frameworks",
					"@executable_path/../../Frameworks",
				);
				MARKETING_VERSION = 1.0;
				PRODUCT_BUNDLE_IDENTIFIER = com.jmousseau.Mimeo.MimeoIntents;
				PRODUCT_NAME = "$(TARGET_NAME)";
				SKIP_INSTALL = YES;
				SWIFT_VERSION = 5.0;
				TARGETED_DEVICE_FAMILY = 1;
			};
			name = Release;
		};
		04789F4623411393006656E4 /* Debug */ = {
			isa = XCBuildConfiguration;
			buildSettings = {
				ALWAYS_SEARCH_USER_PATHS = NO;
				CLANG_ANALYZER_NONNULL = YES;
				CLANG_ANALYZER_NUMBER_OBJECT_CONVERSION = YES_AGGRESSIVE;
				CLANG_CXX_LANGUAGE_STANDARD = "gnu++14";
				CLANG_CXX_LIBRARY = "libc++";
				CLANG_ENABLE_MODULES = YES;
				CLANG_ENABLE_OBJC_ARC = YES;
				CLANG_ENABLE_OBJC_WEAK = YES;
				CLANG_WARN_BLOCK_CAPTURE_AUTORELEASING = YES;
				CLANG_WARN_BOOL_CONVERSION = YES;
				CLANG_WARN_COMMA = YES;
				CLANG_WARN_CONSTANT_CONVERSION = YES;
				CLANG_WARN_DEPRECATED_OBJC_IMPLEMENTATIONS = YES;
				CLANG_WARN_DIRECT_OBJC_ISA_USAGE = YES_ERROR;
				CLANG_WARN_DOCUMENTATION_COMMENTS = YES;
				CLANG_WARN_EMPTY_BODY = YES;
				CLANG_WARN_ENUM_CONVERSION = YES;
				CLANG_WARN_INFINITE_RECURSION = YES;
				CLANG_WARN_INT_CONVERSION = YES;
				CLANG_WARN_NON_LITERAL_NULL_CONVERSION = YES;
				CLANG_WARN_OBJC_IMPLICIT_RETAIN_SELF = YES;
				CLANG_WARN_OBJC_LITERAL_CONVERSION = YES;
				CLANG_WARN_OBJC_ROOT_CLASS = YES_ERROR;
				CLANG_WARN_RANGE_LOOP_ANALYSIS = YES;
				CLANG_WARN_STRICT_PROTOTYPES = YES;
				CLANG_WARN_SUSPICIOUS_MOVE = YES;
				CLANG_WARN_UNGUARDED_AVAILABILITY = YES_AGGRESSIVE;
				CLANG_WARN_UNREACHABLE_CODE = YES;
				CLANG_WARN__DUPLICATE_METHOD_MATCH = YES;
				COPY_PHASE_STRIP = NO;
				DEBUG_INFORMATION_FORMAT = dwarf;
				ENABLE_STRICT_OBJC_MSGSEND = YES;
				ENABLE_TESTABILITY = YES;
				GCC_C_LANGUAGE_STANDARD = gnu11;
				GCC_DYNAMIC_NO_PIC = NO;
				GCC_NO_COMMON_BLOCKS = YES;
				GCC_OPTIMIZATION_LEVEL = 0;
				GCC_PREPROCESSOR_DEFINITIONS = (
					"DEBUG=1",
					"$(inherited)",
				);
				GCC_WARN_64_TO_32_BIT_CONVERSION = YES;
				GCC_WARN_ABOUT_RETURN_TYPE = YES_ERROR;
				GCC_WARN_UNDECLARED_SELECTOR = YES;
				GCC_WARN_UNINITIALIZED_AUTOS = YES_AGGRESSIVE;
				GCC_WARN_UNUSED_FUNCTION = YES;
				GCC_WARN_UNUSED_VARIABLE = YES;
				IPHONEOS_DEPLOYMENT_TARGET = 13.1;
				MTL_ENABLE_DEBUG_INFO = INCLUDE_SOURCE;
				MTL_FAST_MATH = YES;
				ONLY_ACTIVE_ARCH = YES;
				SDKROOT = iphoneos;
				SWIFT_ACTIVE_COMPILATION_CONDITIONS = DEBUG;
				SWIFT_OPTIMIZATION_LEVEL = "-Onone";
			};
			name = Debug;
		};
		04789F4723411393006656E4 /* Release */ = {
			isa = XCBuildConfiguration;
			buildSettings = {
				ALWAYS_SEARCH_USER_PATHS = NO;
				CLANG_ANALYZER_NONNULL = YES;
				CLANG_ANALYZER_NUMBER_OBJECT_CONVERSION = YES_AGGRESSIVE;
				CLANG_CXX_LANGUAGE_STANDARD = "gnu++14";
				CLANG_CXX_LIBRARY = "libc++";
				CLANG_ENABLE_MODULES = YES;
				CLANG_ENABLE_OBJC_ARC = YES;
				CLANG_ENABLE_OBJC_WEAK = YES;
				CLANG_WARN_BLOCK_CAPTURE_AUTORELEASING = YES;
				CLANG_WARN_BOOL_CONVERSION = YES;
				CLANG_WARN_COMMA = YES;
				CLANG_WARN_CONSTANT_CONVERSION = YES;
				CLANG_WARN_DEPRECATED_OBJC_IMPLEMENTATIONS = YES;
				CLANG_WARN_DIRECT_OBJC_ISA_USAGE = YES_ERROR;
				CLANG_WARN_DOCUMENTATION_COMMENTS = YES;
				CLANG_WARN_EMPTY_BODY = YES;
				CLANG_WARN_ENUM_CONVERSION = YES;
				CLANG_WARN_INFINITE_RECURSION = YES;
				CLANG_WARN_INT_CONVERSION = YES;
				CLANG_WARN_NON_LITERAL_NULL_CONVERSION = YES;
				CLANG_WARN_OBJC_IMPLICIT_RETAIN_SELF = YES;
				CLANG_WARN_OBJC_LITERAL_CONVERSION = YES;
				CLANG_WARN_OBJC_ROOT_CLASS = YES_ERROR;
				CLANG_WARN_RANGE_LOOP_ANALYSIS = YES;
				CLANG_WARN_STRICT_PROTOTYPES = YES;
				CLANG_WARN_SUSPICIOUS_MOVE = YES;
				CLANG_WARN_UNGUARDED_AVAILABILITY = YES_AGGRESSIVE;
				CLANG_WARN_UNREACHABLE_CODE = YES;
				CLANG_WARN__DUPLICATE_METHOD_MATCH = YES;
				COPY_PHASE_STRIP = NO;
				DEBUG_INFORMATION_FORMAT = "dwarf-with-dsym";
				ENABLE_NS_ASSERTIONS = NO;
				ENABLE_STRICT_OBJC_MSGSEND = YES;
				GCC_C_LANGUAGE_STANDARD = gnu11;
				GCC_NO_COMMON_BLOCKS = YES;
				GCC_WARN_64_TO_32_BIT_CONVERSION = YES;
				GCC_WARN_ABOUT_RETURN_TYPE = YES_ERROR;
				GCC_WARN_UNDECLARED_SELECTOR = YES;
				GCC_WARN_UNINITIALIZED_AUTOS = YES_AGGRESSIVE;
				GCC_WARN_UNUSED_FUNCTION = YES;
				GCC_WARN_UNUSED_VARIABLE = YES;
				IPHONEOS_DEPLOYMENT_TARGET = 13.1;
				MTL_ENABLE_DEBUG_INFO = NO;
				MTL_FAST_MATH = YES;
				SDKROOT = iphoneos;
				SWIFT_COMPILATION_MODE = wholemodule;
				SWIFT_OPTIMIZATION_LEVEL = "-O";
				VALIDATE_PRODUCT = YES;
			};
			name = Release;
		};
		04789F4923411393006656E4 /* Debug */ = {
			isa = XCBuildConfiguration;
			buildSettings = {
				ALWAYS_EMBED_SWIFT_STANDARD_LIBRARIES = YES;
				ASSETCATALOG_COMPILER_APPICON_NAME = AppIcon;
				CLANG_ENABLE_MODULES = YES;
				CODE_SIGN_ENTITLEMENTS = Mimeo/Mimeo.entitlements;
				CODE_SIGN_STYLE = Automatic;
				CURRENT_PROJECT_VERSION = 2;
				DEVELOPMENT_TEAM = LVFKAL5KFM;
				ENABLE_PREVIEWS = YES;
				INFOPLIST_FILE = Mimeo/Info.plist;
				LD_RUNPATH_SEARCH_PATHS = (
					"$(inherited)",
					"@executable_path/Frameworks",
				);
				MARKETING_VERSION = 1.0;
				PRODUCT_BUNDLE_IDENTIFIER = com.jmousseau.Mimeo;
				PRODUCT_NAME = "$(TARGET_NAME)";
				SWIFT_OBJC_BRIDGING_HEADER = "Mimeo/Mimeo-Bridging-Header.h";
				SWIFT_OPTIMIZATION_LEVEL = "-Onone";
				SWIFT_VERSION = 5.0;
				TARGETED_DEVICE_FAMILY = 1;
			};
			name = Debug;
		};
		04789F4A23411393006656E4 /* Release */ = {
			isa = XCBuildConfiguration;
			buildSettings = {
				ALWAYS_EMBED_SWIFT_STANDARD_LIBRARIES = YES;
				ASSETCATALOG_COMPILER_APPICON_NAME = AppIcon;
				CLANG_ENABLE_MODULES = YES;
				CODE_SIGN_ENTITLEMENTS = Mimeo/Mimeo.entitlements;
				CODE_SIGN_STYLE = Automatic;
				CURRENT_PROJECT_VERSION = 2;
				DEVELOPMENT_TEAM = LVFKAL5KFM;
				ENABLE_PREVIEWS = YES;
				INFOPLIST_FILE = Mimeo/Info.plist;
				LD_RUNPATH_SEARCH_PATHS = (
					"$(inherited)",
					"@executable_path/Frameworks",
				);
				MARKETING_VERSION = 1.0;
				PRODUCT_BUNDLE_IDENTIFIER = com.jmousseau.Mimeo;
				PRODUCT_NAME = "$(TARGET_NAME)";
				SWIFT_OBJC_BRIDGING_HEADER = "Mimeo/Mimeo-Bridging-Header.h";
				SWIFT_VERSION = 5.0;
				TARGETED_DEVICE_FAMILY = 1;
			};
			name = Release;
		};
		04789F4C23411393006656E4 /* Debug */ = {
			isa = XCBuildConfiguration;
			buildSettings = {
				ALWAYS_EMBED_SWIFT_STANDARD_LIBRARIES = YES;
				BUNDLE_LOADER = "$(TEST_HOST)";
				CODE_SIGN_STYLE = Automatic;
				DEVELOPMENT_TEAM = LVFKAL5KFM;
				INFOPLIST_FILE = MimeoTests/Info.plist;
				IPHONEOS_DEPLOYMENT_TARGET = 13.1;
				LD_RUNPATH_SEARCH_PATHS = (
					"$(inherited)",
					"@executable_path/Frameworks",
					"@loader_path/Frameworks",
				);
				PRODUCT_BUNDLE_IDENTIFIER = com.jmousseau.MimeoTests;
				PRODUCT_NAME = "$(TARGET_NAME)";
				SWIFT_VERSION = 5.0;
				TARGETED_DEVICE_FAMILY = "1,2";
				TEST_HOST = "$(BUILT_PRODUCTS_DIR)/Mimeo.app/Mimeo";
			};
			name = Debug;
		};
		04789F4D23411393006656E4 /* Release */ = {
			isa = XCBuildConfiguration;
			buildSettings = {
				ALWAYS_EMBED_SWIFT_STANDARD_LIBRARIES = YES;
				BUNDLE_LOADER = "$(TEST_HOST)";
				CODE_SIGN_STYLE = Automatic;
				DEVELOPMENT_TEAM = LVFKAL5KFM;
				INFOPLIST_FILE = MimeoTests/Info.plist;
				IPHONEOS_DEPLOYMENT_TARGET = 13.1;
				LD_RUNPATH_SEARCH_PATHS = (
					"$(inherited)",
					"@executable_path/Frameworks",
					"@loader_path/Frameworks",
				);
				PRODUCT_BUNDLE_IDENTIFIER = com.jmousseau.MimeoTests;
				PRODUCT_NAME = "$(TARGET_NAME)";
				SWIFT_VERSION = 5.0;
				TARGETED_DEVICE_FAMILY = "1,2";
				TEST_HOST = "$(BUILT_PRODUCTS_DIR)/Mimeo.app/Mimeo";
			};
			name = Release;
		};
		04789F4F23411393006656E4 /* Debug */ = {
			isa = XCBuildConfiguration;
			buildSettings = {
				ALWAYS_EMBED_SWIFT_STANDARD_LIBRARIES = YES;
				CODE_SIGN_STYLE = Automatic;
				DEVELOPMENT_TEAM = LVFKAL5KFM;
				INFOPLIST_FILE = MimeoUITests/Info.plist;
				LD_RUNPATH_SEARCH_PATHS = (
					"$(inherited)",
					"@executable_path/Frameworks",
					"@loader_path/Frameworks",
				);
				PRODUCT_BUNDLE_IDENTIFIER = com.jmousseau.MimeoUITests;
				PRODUCT_NAME = "$(TARGET_NAME)";
				SWIFT_VERSION = 5.0;
				TARGETED_DEVICE_FAMILY = "1,2";
				TEST_TARGET_NAME = Mimeo;
			};
			name = Debug;
		};
		04789F5023411393006656E4 /* Release */ = {
			isa = XCBuildConfiguration;
			buildSettings = {
				ALWAYS_EMBED_SWIFT_STANDARD_LIBRARIES = YES;
				CODE_SIGN_STYLE = Automatic;
				DEVELOPMENT_TEAM = LVFKAL5KFM;
				INFOPLIST_FILE = MimeoUITests/Info.plist;
				LD_RUNPATH_SEARCH_PATHS = (
					"$(inherited)",
					"@executable_path/Frameworks",
					"@loader_path/Frameworks",
				);
				PRODUCT_BUNDLE_IDENTIFIER = com.jmousseau.MimeoUITests;
				PRODUCT_NAME = "$(TARGET_NAME)";
				SWIFT_VERSION = 5.0;
				TARGETED_DEVICE_FAMILY = "1,2";
				TEST_TARGET_NAME = Mimeo;
			};
			name = Release;
		};
/* End XCBuildConfiguration section */

/* Begin XCConfigurationList section */
		04193BF3235AB00E00AD04F5 /* Build configuration list for PBXNativeTarget "MimeoIntents" */ = {
			isa = XCConfigurationList;
			buildConfigurations = (
				04193BF4235AB00E00AD04F5 /* Debug */,
				04193BF5235AB00E00AD04F5 /* Release */,
			);
			defaultConfigurationIsVisible = 0;
			defaultConfigurationName = Release;
		};
		04789F162341138D006656E4 /* Build configuration list for PBXProject "Mimeo" */ = {
			isa = XCConfigurationList;
			buildConfigurations = (
				04789F4623411393006656E4 /* Debug */,
				04789F4723411393006656E4 /* Release */,
			);
			defaultConfigurationIsVisible = 0;
			defaultConfigurationName = Release;
		};
		04789F4823411393006656E4 /* Build configuration list for PBXNativeTarget "Mimeo" */ = {
			isa = XCConfigurationList;
			buildConfigurations = (
				04789F4923411393006656E4 /* Debug */,
				04789F4A23411393006656E4 /* Release */,
			);
			defaultConfigurationIsVisible = 0;
			defaultConfigurationName = Release;
		};
		04789F4B23411393006656E4 /* Build configuration list for PBXNativeTarget "MimeoTests" */ = {
			isa = XCConfigurationList;
			buildConfigurations = (
				04789F4C23411393006656E4 /* Debug */,
				04789F4D23411393006656E4 /* Release */,
			);
			defaultConfigurationIsVisible = 0;
			defaultConfigurationName = Release;
		};
		04789F4E23411393006656E4 /* Build configuration list for PBXNativeTarget "MimeoUITests" */ = {
			isa = XCConfigurationList;
			buildConfigurations = (
				04789F4F23411393006656E4 /* Debug */,
				04789F5023411393006656E4 /* Release */,
			);
			defaultConfigurationIsVisible = 0;
			defaultConfigurationName = Release;
		};
/* End XCConfigurationList section */

/* Begin XCSwiftPackageProductDependency section */
		040DA4A5238B1D6700356081 /* MooseAnalytics */ = {
			isa = XCSwiftPackageProductDependency;
			productName = MooseAnalytics;
		};
		04111E3D235AA9B000F73084 /* MimeoKit */ = {
			isa = XCSwiftPackageProductDependency;
			productName = MimeoKit;
		};
		04193BFF235AC37300AD04F5 /* MimeoKit */ = {
			isa = XCSwiftPackageProductDependency;
			productName = MimeoKit;
		};
/* End XCSwiftPackageProductDependency section */

/* Begin XCVersionGroup section */
		04193BD3235AACD900AD04F5 /* Mimeo.xcdatamodeld */ = {
			isa = XCVersionGroup;
			children = (
				04193BD4235AACD900AD04F5 /* Mimeo.xcdatamodel */,
			);
			currentVersion = 04193BD4235AACD900AD04F5 /* Mimeo.xcdatamodel */;
			path = Mimeo.xcdatamodeld;
			sourceTree = "<group>";
			versionGroupType = wrapper.xcdatamodel;
		};
/* End XCVersionGroup section */
	};
	rootObject = 04789F132341138D006656E4 /* Project object */;
}
